
Microsoft Visual Studio Solution File, Format Version 12.00
# Visual Studio Version 16
VisualStudioVersion = 16.0.29418.71
MinimumVisualStudioVersion = 10.0.40219.1
Project("{FAE04EC0-301F-11D3-BF4B-00C04F79EFBC}") = "LINQProblems", "LINQProblems\LINQProblems.csproj", "{CBE26C03-0510-40CD-BFDB-E791B138384B}"
EndProject
Global
	GlobalSection(SolutionConfigurationPlatforms) = preSolution
		Debug|Any CPU = Debug|Any CPU
		Release|Any CPU = Release|Any CPU
	EndGlobalSection
	GlobalSection(ProjectConfigurationPlatforms) = postSolution
		{CBE26C03-0510-40CD-BFDB-E791B138384B}.Debug|Any CPU.ActiveCfg = Debug|Any CPU
		{CBE26C03-0510-40CD-BFDB-E791B138384B}.Debug|Any CPU.Build.0 = Debug|Any CPU
		{CBE26C03-0510-40CD-BFDB-E791B138384B}.Release|Any CPU.ActiveCfg = Release|Any CPU
		{CBE26C03-0510-40CD-BFDB-E791B138384B}.Release|Any CPU.Build.0 = Release|Any CPU
	EndGlobalSection
	GlobalSection(SolutionProperties) = preSolution
		HideSolutionNode = FALSE
	EndGlobalSection
	GlobalSection(ExtensibilityGlobals) = postSolution
		SolutionGuid = {3C701F31-FEFF-453C-B324-0EF3B1DD24D0}
	EndGlobalSection
EndGlobal
